// !$*UTF8*$!
{
	archiveVersion = 1;
	classes = {
	};
	objectVersion = 46;
	objects = {

/* Begin PBXBuildFile section */
		123EEA791F626D2C00871A2A /* AppDelegate.swift in Sources */ = {isa = PBXBuildFile; fileRef = 123EEA781F626D2C00871A2A /* AppDelegate.swift */; };
		123EEA7B1F626D2C00871A2A /* ViewController.swift in Sources */ = {isa = PBXBuildFile; fileRef = 123EEA7A1F626D2C00871A2A /* ViewController.swift */; };
		123EEA7E1F626D2C00871A2A /* Main.storyboard in Resources */ = {isa = PBXBuildFile; fileRef = 123EEA7C1F626D2C00871A2A /* Main.storyboard */; };
		123EEA811F626D2C00871A2A /* CampgroundManager.xcdatamodeld in Sources */ = {isa = PBXBuildFile; fileRef = 123EEA7F1F626D2C00871A2A /* CampgroundManager.xcdatamodeld */; };
		123EEA831F626D2C00871A2A /* Assets.xcassets in Resources */ = {isa = PBXBuildFile; fileRef = 123EEA821F626D2C00871A2A /* Assets.xcassets */; };
		123EEA861F626D2D00871A2A /* LaunchScreen.storyboard in Resources */ = {isa = PBXBuildFile; fileRef = 123EEA841F626D2D00871A2A /* LaunchScreen.storyboard */; };
		123EEA911F626D2D00871A2A /* CampgroundManagerTests.swift in Sources */ = {isa = PBXBuildFile; fileRef = 123EEA901F626D2D00871A2A /* CampgroundManagerTests.swift */; };
		123EEA9C1F626D2D00871A2A /* CampgroundManagerUITests.swift in Sources */ = {isa = PBXBuildFile; fileRef = 123EEA9B1F626D2D00871A2A /* CampgroundManagerUITests.swift */; };
/* End PBXBuildFile section */

/* Begin PBXContainerItemProxy section */
		123EEA8D1F626D2D00871A2A /* PBXContainerItemProxy */ = {
			isa = PBXContainerItemProxy;
			containerPortal = 123EEA6D1F626D2C00871A2A /* Project object */;
			proxyType = 1;
			remoteGlobalIDString = 123EEA741F626D2C00871A2A;
			remoteInfo = CampgroundManager;
		};
		123EEA981F626D2D00871A2A /* PBXContainerItemProxy */ = {
			isa = PBXContainerItemProxy;
			containerPortal = 123EEA6D1F626D2C00871A2A /* Project object */;
			proxyType = 1;
			remoteGlobalIDString = 123EEA741F626D2C00871A2A;
			remoteInfo = CampgroundManager;
		};
/* End PBXContainerItemProxy section */

/* Begin PBXFileReference section */
		123EEA751F626D2C00871A2A /* CampgroundManager.app */ = {isa = PBXFileReference; explicitFileType = wrapper.application; includeInIndex = 0; path = CampgroundManager.app; sourceTree = BUILT_PRODUCTS_DIR; };
		123EEA781F626D2C00871A2A /* AppDelegate.swift */ = {isa = PBXFileReference; lastKnownFileType = sourcecode.swift; path = AppDelegate.swift; sourceTree = "<group>"; };
		123EEA7A1F626D2C00871A2A /* ViewController.swift */ = {isa = PBXFileReference; lastKnownFileType = sourcecode.swift; path = ViewController.swift; sourceTree = "<group>"; };
		123EEA7D1F626D2C00871A2A /* Base */ = {isa = PBXFileReference; lastKnownFileType = file.storyboard; name = Base; path = Base.lproj/Main.storyboard; sourceTree = "<group>"; };
		123EEA801F626D2C00871A2A /* CampgroundManager.xcdatamodel */ = {isa = PBXFileReference; lastKnownFileType = wrapper.xcdatamodel; path = CampgroundManager.xcdatamodel; sourceTree = "<group>"; };
		123EEA821F626D2C00871A2A /* Assets.xcassets */ = {isa = PBXFileReference; lastKnownFileType = folder.assetcatalog; path = Assets.xcassets; sourceTree = "<group>"; };
		123EEA851F626D2D00871A2A /* Base */ = {isa = PBXFileReference; lastKnownFileType = file.storyboard; name = Base; path = Base.lproj/LaunchScreen.storyboard; sourceTree = "<group>"; };
		123EEA871F626D2D00871A2A /* Info.plist */ = {isa = PBXFileReference; lastKnownFileType = text.plist.xml; path = Info.plist; sourceTree = "<group>"; };
		123EEA8C1F626D2D00871A2A /* CampgroundManagerTests.xctest */ = {isa = PBXFileReference; explicitFileType = wrapper.cfbundle; includeInIndex = 0; path = CampgroundManagerTests.xctest; sourceTree = BUILT_PRODUCTS_DIR; };
		123EEA901F626D2D00871A2A /* CampgroundManagerTests.swift */ = {isa = PBXFileReference; lastKnownFileType = sourcecode.swift; path = CampgroundManagerTests.swift; sourceTree = "<group>"; };
		123EEA921F626D2D00871A2A /* Info.plist */ = {isa = PBXFileReference; lastKnownFileType = text.plist.xml; path = Info.plist; sourceTree = "<group>"; };
		123EEA971F626D2D00871A2A /* CampgroundManagerUITests.xctest */ = {isa = PBXFileReference; explicitFileType = wrapper.cfbundle; includeInIndex = 0; path = CampgroundManagerUITests.xctest; sourceTree = BUILT_PRODUCTS_DIR; };
		123EEA9B1F626D2D00871A2A /* CampgroundManagerUITests.swift */ = {isa = PBXFileReference; lastKnownFileType = sourcecode.swift; path = CampgroundManagerUITests.swift; sourceTree = "<group>"; };
		123EEA9D1F626D2D00871A2A /* Info.plist */ = {isa = PBXFileReference; lastKnownFileType = text.plist.xml; path = Info.plist; sourceTree = "<group>"; };
/* End PBXFileReference section */

/* Begin PBXFrameworksBuildPhase section */
		123EEA721F626D2C00871A2A /* Frameworks */ = {
			isa = PBXFrameworksBuildPhase;
			buildActionMask = 2147483647;
			files = (
			);
			runOnlyForDeploymentPostprocessing = 0;
		};
		123EEA891F626D2D00871A2A /* Frameworks */ = {
			isa = PBXFrameworksBuildPhase;
			buildActionMask = 2147483647;
			files = (
			);
			runOnlyForDeploymentPostprocessing = 0;
		};
		123EEA941F626D2D00871A2A /* Frameworks */ = {
			isa = PBXFrameworksBuildPhase;
			buildActionMask = 2147483647;
			files = (
			);
			runOnlyForDeploymentPostprocessing = 0;
		};
/* End PBXFrameworksBuildPhase section */

/* Begin PBXGroup section */
		123EEA6C1F626D2C00871A2A = {
			isa = PBXGroup;
			children = (
				123EEA771F626D2C00871A2A /* CampgroundManager */,
				123EEA8F1F626D2D00871A2A /* CampgroundManagerTests */,
				123EEA9A1F626D2D00871A2A /* CampgroundManagerUITests */,
				123EEA761F626D2C00871A2A /* Products */,
			);
			sourceTree = "<group>";
		};
		123EEA761F626D2C00871A2A /* Products */ = {
			isa = PBXGroup;
			children = (
				123EEA751F626D2C00871A2A /* CampgroundManager.app */,
				123EEA8C1F626D2D00871A2A /* CampgroundManagerTests.xctest */,
				123EEA971F626D2D00871A2A /* CampgroundManagerUITests.xctest */,
			);
			name = Products;
			sourceTree = "<group>";
		};
		123EEA771F626D2C00871A2A /* CampgroundManager */ = {
			isa = PBXGroup;
			children = (
				123EEA781F626D2C00871A2A /* AppDelegate.swift */,
				123EEA7A1F626D2C00871A2A /* ViewController.swift */,
				123EEA7C1F626D2C00871A2A /* Main.storyboard */,
				123EEA821F626D2C00871A2A /* Assets.xcassets */,
				123EEA841F626D2D00871A2A /* LaunchScreen.storyboard */,
				123EEA871F626D2D00871A2A /* Info.plist */,
				123EEA7F1F626D2C00871A2A /* CampgroundManager.xcdatamodeld */,
			);
			path = CampgroundManager;
			sourceTree = "<group>";
		};
		123EEA8F1F626D2D00871A2A /* CampgroundManagerTests */ = {
			isa = PBXGroup;
			children = (
				123EEA901F626D2D00871A2A /* CampgroundManagerTests.swift */,
				123EEA921F626D2D00871A2A /* Info.plist */,
			);
			path = CampgroundManagerTests;
			sourceTree = "<group>";
		};
		123EEA9A1F626D2D00871A2A /* CampgroundManagerUITests */ = {
			isa = PBXGroup;
			children = (
				123EEA9B1F626D2D00871A2A /* CampgroundManagerUITests.swift */,
				123EEA9D1F626D2D00871A2A /* Info.plist */,
			);
			path = CampgroundManagerUITests;
			sourceTree = "<group>";
		};
/* End PBXGroup section */

/* Begin PBXNativeTarget section */
		123EEA741F626D2C00871A2A /* CampgroundManager */ = {
			isa = PBXNativeTarget;
			buildConfigurationList = 123EEAA01F626D2D00871A2A /* Build configuration list for PBXNativeTarget "CampgroundManager" */;
			buildPhases = (
				123EEA711F626D2C00871A2A /* Sources */,
				123EEA721F626D2C00871A2A /* Frameworks */,
				123EEA731F626D2C00871A2A /* Resources */,
			);
			buildRules = (
			);
			dependencies = (
			);
			name = CampgroundManager;
			productName = CampgroundManager;
			productReference = 123EEA751F626D2C00871A2A /* CampgroundManager.app */;
			productType = "com.apple.product-type.application";
		};
		123EEA8B1F626D2D00871A2A /* CampgroundManagerTests */ = {
			isa = PBXNativeTarget;
			buildConfigurationList = 123EEAA31F626D2D00871A2A /* Build configuration list for PBXNativeTarget "CampgroundManagerTests" */;
			buildPhases = (
				123EEA881F626D2D00871A2A /* Sources */,
				123EEA891F626D2D00871A2A /* Frameworks */,
				123EEA8A1F626D2D00871A2A /* Resources */,
			);
			buildRules = (
			);
			dependencies = (
				123EEA8E1F626D2D00871A2A /* PBXTargetDependency */,
			);
			name = CampgroundManagerTests;
			productName = CampgroundManagerTests;
			productReference = 123EEA8C1F626D2D00871A2A /* CampgroundManagerTests.xctest */;
			productType = "com.apple.product-type.bundle.unit-test";
		};
		123EEA961F626D2D00871A2A /* CampgroundManagerUITests */ = {
			isa = PBXNativeTarget;
			buildConfigurationList = 123EEAA61F626D2D00871A2A /* Build configuration list for PBXNativeTarget "CampgroundManagerUITests" */;
			buildPhases = (
				123EEA931F626D2D00871A2A /* Sources */,
				123EEA941F626D2D00871A2A /* Frameworks */,
				123EEA951F626D2D00871A2A /* Resources */,
			);
			buildRules = (
			);
			dependencies = (
				123EEA991F626D2D00871A2A /* PBXTargetDependency */,
			);
			name = CampgroundManagerUITests;
			productName = CampgroundManagerUITests;
			productReference = 123EEA971F626D2D00871A2A /* CampgroundManagerUITests.xctest */;
			productType = "com.apple.product-type.bundle.ui-testing";
		};
/* End PBXNativeTarget section */

/* Begin PBXProject section */
		123EEA6D1F626D2C00871A2A /* Project object */ = {
			isa = PBXProject;
			attributes = {
				LastSwiftUpdateCheck = 0830;
				LastUpgradeCheck = 0830;
				ORGANIZATIONNAME = lokizero00;
				TargetAttributes = {
					123EEA741F626D2C00871A2A = {
						CreatedOnToolsVersion = 8.3.3;
						DevelopmentTeam = SSUF436QZC;
						ProvisioningStyle = Automatic;
					};
					123EEA8B1F626D2D00871A2A = {
						CreatedOnToolsVersion = 8.3.3;
						DevelopmentTeam = SSUF436QZC;
						ProvisioningStyle = Automatic;
						TestTargetID = 123EEA741F626D2C00871A2A;
					};
					123EEA961F626D2D00871A2A = {
						CreatedOnToolsVersion = 8.3.3;
						DevelopmentTeam = SSUF436QZC;
						ProvisioningStyle = Automatic;
						TestTargetID = 123EEA741F626D2C00871A2A;
					};
				};
			};
			buildConfigurationList = 123EEA701F626D2C00871A2A /* Build configuration list for PBXProject "CampgroundManager" */;
			compatibilityVersion = "Xcode 3.2";
			developmentRegion = English;
			hasScannedForEncodings = 0;
			knownRegions = (
				en,
				Base,
			);
			mainGroup = 123EEA6C1F626D2C00871A2A;
			productRefGroup = 123EEA761F626D2C00871A2A /* Products */;
			projectDirPath = "";
			projectRoot = "";
			targets = (
				123EEA741F626D2C00871A2A /* CampgroundManager */,
				123EEA8B1F626D2D00871A2A /* CampgroundManagerTests */,
				123EEA961F626D2D00871A2A /* CampgroundManagerUITests */,
			);
		};
/* End PBXProject section */

/* Begin PBXResourcesBuildPhase section */
		123EEA731F626D2C00871A2A /* Resources */ = {
			isa = PBXResourcesBuildPhase;
			buildActionMask = 2147483647;
			files = (
				123EEA861F626D2D00871A2A /* LaunchScreen.storyboard in Resources */,
				123EEA831F626D2C00871A2A /* Assets.xcassets in Resources */,
				123EEA7E1F626D2C00871A2A /* Main.storyboard in Resources */,
			);
			runOnlyForDeploymentPostprocessing = 0;
		};
		123EEA8A1F626D2D00871A2A /* Resources */ = {
			isa = PBXResourcesBuildPhase;
			buildActionMask = 2147483647;
			files = (
			);
			runOnlyForDeploymentPostprocessing = 0;
		};
		123EEA951F626D2D00871A2A /* Resources */ = {
			isa = PBXResourcesBuildPhase;
			buildActionMask = 2147483647;
			files = (
			);
			runOnlyForDeploymentPostprocessing = 0;
		};
/* End PBXResourcesBuildPhase section */

/* Begin PBXSourcesBuildPhase section */
		123EEA711F626D2C00871A2A /* Sources */ = {
			isa = PBXSourcesBuildPhase;
			buildActionMask = 2147483647;
			files = (
				123EEA7B1F626D2C00871A2A /* ViewController.swift in Sources */,
				123EEA791F626D2C00871A2A /* AppDelegate.swift in Sources */,
				123EEA811F626D2C00871A2A /* CampgroundManager.xcdatamodeld in Sources */,
			);
			runOnlyForDeploymentPostprocessing = 0;
		};
		123EEA881F626D2D00871A2A /* Sources */ = {
			isa = PBXSourcesBuildPhase;
			buildActionMask = 2147483647;
			files = (
				123EEA911F626D2D00871A2A /* CampgroundManagerTests.swift in Sources */,
			);
			runOnlyForDeploymentPostprocessing = 0;
		};
		123EEA931F626D2D00871A2A /* Sources */ = {
			isa = PBXSourcesBuildPhase;
			buildActionMask = 2147483647;
			files = (
				123EEA9C1F626D2D00871A2A /* CampgroundManagerUITests.swift in Sources */,
			);
			runOnlyForDeploymentPostprocessing = 0;
		};
/* End PBXSourcesBuildPhase section */

/* Begin PBXTargetDependency section */
		123EEA8E1F626D2D00871A2A /* PBXTargetDependency */ = {
			isa = PBXTargetDependency;
			target = 123EEA741F626D2C00871A2A /* CampgroundManager */;
			targetProxy = 123EEA8D1F626D2D00871A2A /* PBXContainerItemProxy */;
		};
		123EEA991F626D2D00871A2A /* PBXTargetDependency */ = {
			isa = PBXTargetDependency;
			target = 123EEA741F626D2C00871A2A /* CampgroundManager */;
			targetProxy = 123EEA981F626D2D00871A2A /* PBXContainerItemProxy */;
		};
/* End PBXTargetDependency section */

/* Begin PBXVariantGroup section */
		123EEA7C1F626D2C00871A2A /* Main.storyboard */ = {
			isa = PBXVariantGroup;
			children = (
				123EEA7D1F626D2C00871A2A /* Base */,
			);
			name = Main.storyboard;
			sourceTree = "<group>";
		};
		123EEA841F626D2D00871A2A /* LaunchScreen.storyboard */ = {
			isa = PBXVariantGroup;
			children = (
				123EEA851F626D2D00871A2A /* Base */,
			);
			name = LaunchScreen.storyboard;
			sourceTree = "<group>";
		};
/* End PBXVariantGroup section */

/* Begin XCBuildConfiguration section */
		123EEA9E1F626D2D00871A2A /* Debug */ = {
			isa = XCBuildConfiguration;
			buildSettings = {
				ALWAYS_SEARCH_USER_PATHS = NO;
				CLANG_ANALYZER_NONNULL = YES;
				CLANG_ANALYZER_NUMBER_OBJECT_CONVERSION = YES_AGGRESSIVE;
				CLANG_CXX_LANGUAGE_STANDARD = "gnu++0x";
				CLANG_CXX_LIBRARY = "libc++";
				CLANG_ENABLE_MODULES = YES;
				CLANG_ENABLE_OBJC_ARC = YES;
				CLANG_WARN_BOOL_CONVERSION = YES;
				CLANG_WARN_CONSTANT_CONVERSION = YES;
				CLANG_WARN_DIRECT_OBJC_ISA_USAGE = YES_ERROR;
				CLANG_WARN_DOCUMENTATION_COMMENTS = YES;
				CLANG_WARN_EMPTY_BODY = YES;
				CLANG_WARN_ENUM_CONVERSION = YES;
				CLANG_WARN_INFINITE_RECURSION = YES;
				CLANG_WARN_INT_CONVERSION = YES;
				CLANG_WARN_OBJC_ROOT_CLASS = YES_ERROR;
				CLANG_WARN_SUSPICIOUS_MOVE = YES;
				CLANG_WARN_UNREACHABLE_CODE = YES;
				CLANG_WARN__DUPLICATE_METHOD_MATCH = YES;
				"CODE_SIGN_IDENTITY[sdk=iphoneos*]" = "iPhone Developer";
				COPY_PHASE_STRIP = NO;
				DEBUG_INFORMATION_FORMAT = dwarf;
				ENABLE_STRICT_OBJC_MSGSEND = YES;
				ENABLE_TESTABILITY = YES;
				GCC_C_LANGUAGE_STANDARD = gnu99;
				GCC_DYNAMIC_NO_PIC = NO;
				GCC_NO_COMMON_BLOCKS = YES;
				GCC_OPTIMIZATION_LEVEL = 0;
				GCC_PREPROCESSOR_DEFINITIONS = (
					"DEBUG=1",
					"$(inherited)",
				);
				GCC_WARN_64_TO_32_BIT_CONVERSION = YES;
				GCC_WARN_ABOUT_RETURN_TYPE = YES_ERROR;
				GCC_WARN_UNDECLARED_SELECTOR = YES;
				GCC_WARN_UNINITIALIZED_AUTOS = YES_AGGRESSIVE;
				GCC_WARN_UNUSED_FUNCTION = YES;
				GCC_WARN_UNUSED_VARIABLE = YES;
				IPHONEOS_DEPLOYMENT_TARGET = 10.3;
				MTL_ENABLE_DEBUG_INFO = YES;
				ONLY_ACTIVE_ARCH = YES;
				SDKROOT = iphoneos;
				SWIFT_ACTIVE_COMPILATION_CONDITIONS = DEBUG;
				SWIFT_OPTIMIZATION_LEVEL = "-Onone";
			};
			name = Debug;
		};
		123EEA9F1F626D2D00871A2A /* Release */ = {
			isa = XCBuildConfiguration;
			buildSettings = {
				ALWAYS_SEARCH_USER_PATHS = NO;
				CLANG_ANALYZER_NONNULL = YES;
				CLANG_ANALYZER_NUMBER_OBJECT_CONVERSION = YES_AGGRESSIVE;
				CLANG_CXX_LANGUAGE_STANDARD = "gnu++0x";
				CLANG_CXX_LIBRARY = "libc++";
				CLANG_ENABLE_MODULES = YES;
				CLANG_ENABLE_OBJC_ARC = YES;
				CLANG_WARN_BOOL_CONVERSION = YES;
				CLANG_WARN_CONSTANT_CONVERSION = YES;
				CLANG_WARN_DIRECT_OBJC_ISA_USAGE = YES_ERROR;
				CLANG_WARN_DOCUMENTATION_COMMENTS = YES;
				CLANG_WARN_EMPTY_BODY = YES;
				CLANG_WARN_ENUM_CONVERSION = YES;
				CLANG_WARN_INFINITE_RECURSION = YES;
				CLANG_WARN_INT_CONVERSION = YES;
				CLANG_WARN_OBJC_ROOT_CLASS = YES_ERROR;
				CLANG_WARN_SUSPICIOUS_MOVE = YES;
				CLANG_WARN_UNREACHABLE_CODE = YES;
				CLANG_WARN__DUPLICATE_METHOD_MATCH = YES;
				"CODE_SIGN_IDENTITY[sdk=iphoneos*]" = "iPhone Developer";
				COPY_PHASE_STRIP = NO;
				DEBUG_INFORMATION_FORMAT = "dwarf-with-dsym";
				ENABLE_NS_ASSERTIONS = NO;
				ENABLE_STRICT_OBJC_MSGSEND = YES;
				GCC_C_LANGUAGE_STANDARD = gnu99;
				GCC_NO_COMMON_BLOCKS = YES;
				GCC_WARN_64_TO_32_BIT_CONVERSION = YES;
				GCC_WARN_ABOUT_RETURN_TYPE = YES_ERROR;
				GCC_WARN_UNDECLARED_SELECTOR = YES;
				GCC_WARN_UNINITIALIZED_AUTOS = YES_AGGRESSIVE;
				GCC_WARN_UNUSED_FUNCTION = YES;
				GCC_WARN_UNUSED_VARIABLE = YES;
				IPHONEOS_DEPLOYMENT_TARGET = 10.3;
				MTL_ENABLE_DEBUG_INFO = NO;
				SDKROOT = iphoneos;
				SWIFT_OPTIMIZATION_LEVEL = "-Owholemodule";
				VALIDATE_PRODUCT = YES;
			};
			name = Release;
		};
		123EEAA11F626D2D00871A2A /* Debug */ = {
			isa = XCBuildConfiguration;
			buildSettings = {
				ASSETCATALOG_COMPILER_APPICON_NAME = AppIcon;
				DEVELOPMENT_TEAM = SSUF436QZC;
				INFOPLIST_FILE = CampgroundManager/Info.plist;
				LD_RUNPATH_SEARCH_PATHS = "$(inherited) @executable_path/Frameworks";
				PRODUCT_BUNDLE_IDENTIFIER = com.loki.zero.CampgroundManager;
				PRODUCT_NAME = "$(TARGET_NAME)";
				SWIFT_VERSION = 3.0;
			};
			name = Debug;
		};
		123EEAA21F626D2D00871A2A /* Release */ = {
			isa = XCBuildConfiguration;
			buildSettings = {
				ASSETCATALOG_COMPILER_APPICON_NAME = AppIcon;
				DEVELOPMENT_TEAM = SSUF436QZC;
				INFOPLIST_FILE = CampgroundManager/Info.plist;
				LD_RUNPATH_SEARCH_PATHS = "$(inherited) @executable_path/Frameworks";
				PRODUCT_BUNDLE_IDENTIFIER = com.loki.zero.CampgroundManager;
				PRODUCT_NAME = "$(TARGET_NAME)";
				SWIFT_VERSION = 3.0;
			};
			name = Release;
		};
		123EEAA41F626D2D00871A2A /* Debug */ = {
			isa = XCBuildConfiguration;
			buildSettings = {
				ALWAYS_EMBED_SWIFT_STANDARD_LIBRARIES = YES;
				BUNDLE_LOADER = "$(TEST_HOST)";
				DEVELOPMENT_TEAM = SSUF436QZC;
				INFOPLIST_FILE = CampgroundManagerTests/Info.plist;
				LD_RUNPATH_SEARCH_PATHS = "$(inherited) @executable_path/Frameworks @loader_path/Frameworks";
				PRODUCT_BUNDLE_IDENTIFIER = com.loki.zero.CampgroundManagerTests;
				PRODUCT_NAME = "$(TARGET_NAME)";
				SWIFT_VERSION = 3.0;
				TEST_HOST = "$(BUILT_PRODUCTS_DIR)/CampgroundManager.app/CampgroundManager";
			};
			name = Debug;
		};
		123EEAA51F626D2D00871A2A /* Release */ = {
			isa = XCBuildConfiguration;
			buildSettings = {
				ALWAYS_EMBED_SWIFT_STANDARD_LIBRARIES = YES;
				BUNDLE_LOADER = "$(TEST_HOST)";
				DEVELOPMENT_TEAM = SSUF436QZC;
				INFOPLIST_FILE = CampgroundManagerTests/Info.plist;
				LD_RUNPATH_SEARCH_PATHS = "$(inherited) @executable_path/Frameworks @loader_path/Frameworks";
				PRODUCT_BUNDLE_IDENTIFIER = com.loki.zero.CampgroundManagerTests;
				PRODUCT_NAME = "$(TARGET_NAME)";
				SWIFT_VERSION = 3.0;
				TEST_HOST = "$(BUILT_PRODUCTS_DIR)/CampgroundManager.app/CampgroundManager";
			};
			name = Release;
		};
		123EEAA71F626D2D00871A2A /* Debug */ = {
			isa = XCBuildConfiguration;
			buildSettings = {
				ALWAYS_EMBED_SWIFT_STANDARD_LIBRARIES = YES;
				DEVELOPMENT_TEAM = SSUF436QZC;
				INFOPLIST_FILE = CampgroundManagerUITests/Info.plist;
				LD_RUNPATH_SEARCH_PATHS = "$(inherited) @executable_path/Frameworks @loader_path/Frameworks";
				PRODUCT_BUNDLE_IDENTIFIER = com.loki.zero.CampgroundManagerUITests;
				PRODUCT_NAME = "$(TARGET_NAME)";
				SWIFT_VERSION = 3.0;
				TEST_TARGET_NAME = CampgroundManager;
			};
			name = Debug;
		};
		123EEAA81F626D2D00871A2A /* Release */ = {
			isa = XCBuildConfiguration;
			buildSettings = {
				ALWAYS_EMBED_SWIFT_STANDARD_LIBRARIES = YES;
				DEVELOPMENT_TEAM = SSUF436QZC;
				INFOPLIST_FILE = CampgroundManagerUITests/Info.plist;
				LD_RUNPATH_SEARCH_PATHS = "$(inherited) @executable_path/Frameworks @loader_path/Frameworks";
				PRODUCT_BUNDLE_IDENTIFIER = com.loki.zero.CampgroundManagerUITests;
				PRODUCT_NAME = "$(TARGET_NAME)";
				SWIFT_VERSION = 3.0;
				TEST_TARGET_NAME = CampgroundManager;
			};
			name = Release;
		};
/* End XCBuildConfiguration section */

/* Begin XCConfigurationList section */
		123EEA701F626D2C00871A2A /* Build configuration list for PBXProject "CampgroundManager" */ = {
			isa = XCConfigurationList;
			buildConfigurations = (
				123EEA9E1F626D2D00871A2A /* Debug */,
				123EEA9F1F626D2D00871A2A /* Release */,
			);
			defaultConfigurationIsVisible = 0;
			defaultConfigurationName = Release;
		};
		123EEAA01F626D2D00871A2A /* Build configuration list for PBXNativeTarget "CampgroundManager" */ = {
			isa = XCConfigurationList;
			buildConfigurations = (
				123EEAA11F626D2D00871A2A /* Debug */,
				123EEAA21F626D2D00871A2A /* Release */,
			);
			defaultConfigurationIsVisible = 0;
		};
		123EEAA31F626D2D00871A2A /* Build configuration list for PBXNativeTarget "CampgroundManagerTests" */ = {
			isa = XCConfigurationList;
			buildConfigurations = (
				123EEAA41F626D2D00871A2A /* Debug */,
				123EEAA51F626D2D00871A2A /* Release */,
			);
			defaultConfigurationIsVisible = 0;
		};
		123EEAA61F626D2D00871A2A /* Build configuration list for PBXNativeTarget "CampgroundManagerUITests" */ = {
			isa = XCConfigurationList;
			buildConfigurations = (
				123EEAA71F626D2D00871A2A /* Debug */,
				123EEAA81F626D2D00871A2A /* Release */,
			);
			defaultConfigurationIsVisible = 0;
		};
/* End XCConfigurationList section */

/* Begin XCVersionGroup section */
		123EEA7F1F626D2C00871A2A /* CampgroundManager.xcdatamodeld */ = {
			isa = XCVersionGroup;
			children = (
				123EEA801F626D2C00871A2A /* CampgroundManager.xcdatamodel */,
			);
			currentVersion = 123EEA801F626D2C00871A2A /* CampgroundManager.xcdatamodel */;
			path = CampgroundManager.xcdatamodeld;
			sourceTree = "<group>";
			versionGroupType = wrapper.xcdatamodel;
		};
/* End XCVersionGroup section */
	};
	rootObject = 123EEA6D1F626D2C00871A2A /* Project object */;
}
